
Microsoft Visual Studio Solution File, Format Version 12.00
# Visual Studio Version 17
VisualStudioVersion = 17.2.32630.192
MinimumVisualStudioVersion = 10.0.40219.1
Project("{FAE04EC0-301F-11D3-BF4B-00C04F79EFBC}") = "ChallengeWSSoftware09", "ChallengeWSSoftware09\ChallengeWSSoftware09.csproj", "{6BA28B1A-337A-4DCE-9210-D3333C63C658}"
EndProject
Project("{FAE04EC0-301F-11D3-BF4B-00C04F79EFBC}") = "ChallengeWSSoftware09TDD", "ChallengeWSSoftware09TDD\ChallengeWSSoftware09TDD.csproj", "{55F8FABA-E230-4C06-8ADC-AFC69B18FC82}"
EndProject
Global
	GlobalSection(SolutionConfigurationPlatforms) = preSolution
		Debug|Any CPU = Debug|Any CPU
		Release|Any CPU = Release|Any CPU
	EndGlobalSection
	GlobalSection(ProjectConfigurationPlatforms) = postSolution
		{6BA28B1A-337A-4DCE-9210-D3333C63C658}.Debug|Any CPU.ActiveCfg = Debug|Any CPU
		{6BA28B1A-337A-4DCE-9210-D3333C63C658}.Debug|Any CPU.Build.0 = Debug|Any CPU
		{6BA28B1A-337A-4DCE-9210-D3333C63C658}.Release|Any CPU.ActiveCfg = Release|Any CPU
		{6BA28B1A-337A-4DCE-9210-D3333C63C658}.Release|Any CPU.Build.0 = Release|Any CPU
		{55F8FABA-E230-4C06-8ADC-AFC69B18FC82}.Debug|Any CPU.ActiveCfg = Debug|Any CPU
		{55F8FABA-E230-4C06-8ADC-AFC69B18FC82}.Debug|Any CPU.Build.0 = Debug|Any CPU
		{55F8FABA-E230-4C06-8ADC-AFC69B18FC82}.Release|Any CPU.ActiveCfg = Release|Any CPU
		{55F8FABA-E230-4C06-8ADC-AFC69B18FC82}.Release|Any CPU.Build.0 = Release|Any CPU
	EndGlobalSection
	GlobalSection(SolutionProperties) = preSolution
		HideSolutionNode = FALSE
	EndGlobalSection
	GlobalSection(ExtensibilityGlobals) = postSolution
		SolutionGuid = {F7D9FC68-1462-4D10-AD6E-B96270213C3B}
	EndGlobalSection
EndGlobal
