
Microsoft Visual Studio Solution File, Format Version 12.00
# Visual Studio Version 17
VisualStudioVersion = 17.4.33122.133
MinimumVisualStudioVersion = 10.0.40219.1
Project("{FAE04EC0-301F-11D3-BF4B-00C04F79EFBC}") = "Desafio 01 João Victor", "Desafio 01 João Victor.csproj", "{24C2D970-D109-43A7-9F3A-AD3216AAA4DF}"
EndProject
Global
	GlobalSection(SolutionConfigurationPlatforms) = preSolution
		Debug|Any CPU = Debug|Any CPU
		Release|Any CPU = Release|Any CPU
	EndGlobalSection
	GlobalSection(ProjectConfigurationPlatforms) = postSolution
		{24C2D970-D109-43A7-9F3A-AD3216AAA4DF}.Debug|Any CPU.ActiveCfg = Debug|Any CPU
		{24C2D970-D109-43A7-9F3A-AD3216AAA4DF}.Debug|Any CPU.Build.0 = Debug|Any CPU
		{24C2D970-D109-43A7-9F3A-AD3216AAA4DF}.Release|Any CPU.ActiveCfg = Release|Any CPU
		{24C2D970-D109-43A7-9F3A-AD3216AAA4DF}.Release|Any CPU.Build.0 = Release|Any CPU
	EndGlobalSection
	GlobalSection(SolutionProperties) = preSolution
		HideSolutionNode = FALSE
	EndGlobalSection
	GlobalSection(ExtensibilityGlobals) = postSolution
		SolutionGuid = {4E8BACBC-5837-4076-BF2A-F08FEA50B9CF}
	EndGlobalSection
EndGlobal
