
Microsoft Visual Studio Solution File, Format Version 12.00
# Visual Studio Version 17
VisualStudioVersion = 17.3.32825.248
MinimumVisualStudioVersion = 10.0.40219.1
Project("{FAE04EC0-301F-11D3-BF4B-00C04F79EFBC}") = "ChallengeWSSoftware09.Library", "ChallengeWSSoftware09.Library\ChallengeWSSoftware09.Library.csproj", "{C8B30B6A-A089-45CB-AEEC-B6BD96D941A5}"
EndProject
Project("{FAE04EC0-301F-11D3-BF4B-00C04F79EFBC}") = "ChallengeWSSoftware09.Test", "ChallengeWSSoftware09.Test\ChallengeWSSoftware09.Test.csproj", "{3994B447-32EC-4E07-9270-6946B05B753E}"
EndProject
Project("{FAE04EC0-301F-11D3-BF4B-00C04F79EFBC}") = "ChallengeWSSoftware09.Console", "ChallengeWSSoftware09.Console\ChallengeWSSoftware09.Console.csproj", "{3660C892-E59A-4523-B30F-AC71C5E4B3D7}"
EndProject
Global
	GlobalSection(SolutionConfigurationPlatforms) = preSolution
		Debug|Any CPU = Debug|Any CPU
		Release|Any CPU = Release|Any CPU
	EndGlobalSection
	GlobalSection(ProjectConfigurationPlatforms) = postSolution
		{C8B30B6A-A089-45CB-AEEC-B6BD96D941A5}.Debug|Any CPU.ActiveCfg = Debug|Any CPU
		{C8B30B6A-A089-45CB-AEEC-B6BD96D941A5}.Debug|Any CPU.Build.0 = Debug|Any CPU
		{C8B30B6A-A089-45CB-AEEC-B6BD96D941A5}.Release|Any CPU.ActiveCfg = Release|Any CPU
		{C8B30B6A-A089-45CB-AEEC-B6BD96D941A5}.Release|Any CPU.Build.0 = Release|Any CPU
		{3994B447-32EC-4E07-9270-6946B05B753E}.Debug|Any CPU.ActiveCfg = Debug|Any CPU
		{3994B447-32EC-4E07-9270-6946B05B753E}.Debug|Any CPU.Build.0 = Debug|Any CPU
		{3994B447-32EC-4E07-9270-6946B05B753E}.Release|Any CPU.ActiveCfg = Release|Any CPU
		{3994B447-32EC-4E07-9270-6946B05B753E}.Release|Any CPU.Build.0 = Release|Any CPU
		{3660C892-E59A-4523-B30F-AC71C5E4B3D7}.Debug|Any CPU.ActiveCfg = Debug|Any CPU
		{3660C892-E59A-4523-B30F-AC71C5E4B3D7}.Debug|Any CPU.Build.0 = Debug|Any CPU
		{3660C892-E59A-4523-B30F-AC71C5E4B3D7}.Release|Any CPU.ActiveCfg = Release|Any CPU
		{3660C892-E59A-4523-B30F-AC71C5E4B3D7}.Release|Any CPU.Build.0 = Release|Any CPU
	EndGlobalSection
	GlobalSection(SolutionProperties) = preSolution
		HideSolutionNode = FALSE
	EndGlobalSection
	GlobalSection(ExtensibilityGlobals) = postSolution
		SolutionGuid = {856C65A1-2E07-4187-AE56-10A5B87200C3}
	EndGlobalSection
EndGlobal
